Microsoft Visual Studio Solution File, Format Version 12.00
# Visual Studio 2012
Project("{FAE04EC0-301F-11D3-BF4B-00C04F79EFBC}") = "twains", "twains.csproj", "{129269C3-613B-4BDE-AADE-14E45010FE71}"
EndProject
Global
	GlobalSection(SolutionConfigurationPlatforms) = preSolution
	Debug|Any CPU = Debug|Any CPU
	ExportDebug|Any CPU = ExportDebug|Any CPU
	ExportRelease|Any CPU = ExportRelease|Any CPU
	EndGlobalSection
	GlobalSection(ProjectConfigurationPlatforms) = postSolution
		{129269C3-613B-4BDE-AADE-14E45010FE71}.Debug|Any CPU.ActiveCfg = Debug|Any CPU
		{129269C3-613B-4BDE-AADE-14E45010FE71}.Debug|Any CPU.Build.0 = Debug|Any CPU
		{129269C3-613B-4BDE-AADE-14E45010FE71}.ExportDebug|Any CPU.ActiveCfg = ExportDebug|Any CPU
		{129269C3-613B-4BDE-AADE-14E45010FE71}.ExportDebug|Any CPU.Build.0 = ExportDebug|Any CPU
		{129269C3-613B-4BDE-AADE-14E45010FE71}.ExportRelease|Any CPU.ActiveCfg = ExportRelease|Any CPU
		{129269C3-613B-4BDE-AADE-14E45010FE71}.ExportRelease|Any CPU.Build.0 = ExportRelease|Any CPU
	EndGlobalSection
EndGlobal
